// !$*UTF8*$!
{
	archiveVersion = 1;
	classes = {
	};
	objectVersion = 50;
	objects = {

/* Begin PBXBuildFile section */
		9840945125B5A62900C6C0A1 /* AppDelegate.swift in Sources */ = {isa = PBXBuildFile; fileRef = 9840945025B5A62900C6C0A1 /* AppDelegate.swift */; };
		9840945325B5A62900C6C0A1 /* SceneDelegate.swift in Sources */ = {isa = PBXBuildFile; fileRef = 9840945225B5A62900C6C0A1 /* SceneDelegate.swift */; };
		9840945525B5A62900C6C0A1 /* ViewController.swift in Sources */ = {isa = PBXBuildFile; fileRef = 9840945425B5A62900C6C0A1 /* ViewController.swift */; };
		9840945825B5A62900C6C0A1 /* Main.storyboard in Resources */ = {isa = PBXBuildFile; fileRef = 9840945625B5A62900C6C0A1 /* Main.storyboard */; };
		9840945B25B5A62900C6C0A1 /* TriviaApp.xcdatamodeld in Sources */ = {isa = PBXBuildFile; fileRef = 9840945925B5A62900C6C0A1 /* TriviaApp.xcdatamodeld */; };
		9840945D25B5A63200C6C0A1 /* Assets.xcassets in Resources */ = {isa = PBXBuildFile; fileRef = 9840945C25B5A63200C6C0A1 /* Assets.xcassets */; };
		9840946025B5A63200C6C0A1 /* LaunchScreen.storyboard in Resources */ = {isa = PBXBuildFile; fileRef = 9840945E25B5A63200C6C0A1 /* LaunchScreen.storyboard */; };
		9840946B25B5A63300C6C0A1 /* TriviaAppTests.swift in Sources */ = {isa = PBXBuildFile; fileRef = 9840946A25B5A63300C6C0A1 /* TriviaAppTests.swift */; };
		9840947625B5A63300C6C0A1 /* TriviaAppUITests.swift in Sources */ = {isa = PBXBuildFile; fileRef = 9840947525B5A63300C6C0A1 /* TriviaAppUITests.swift */; };
/* End PBXBuildFile section */

/* Begin PBXContainerItemProxy section */
		9840946725B5A63300C6C0A1 /* PBXContainerItemProxy */ = {
			isa = PBXContainerItemProxy;
			containerPortal = 9840944525B5A62900C6C0A1 /* Project object */;
			proxyType = 1;
			remoteGlobalIDString = 9840944C25B5A62900C6C0A1;
			remoteInfo = TriviaApp;
		};
		9840947225B5A63300C6C0A1 /* PBXContainerItemProxy */ = {
			isa = PBXContainerItemProxy;
			containerPortal = 9840944525B5A62900C6C0A1 /* Project object */;
			proxyType = 1;
			remoteGlobalIDString = 9840944C25B5A62900C6C0A1;
			remoteInfo = TriviaApp;
		};
/* End PBXContainerItemProxy section */

/* Begin PBXFileReference section */
		9840944D25B5A62900C6C0A1 /* TriviaApp.app */ = {isa = PBXFileReference; explicitFileType = wrapper.application; includeInIndex = 0; path = TriviaApp.app; sourceTree = BUILT_PRODUCTS_DIR; };
		9840945025B5A62900C6C0A1 /* AppDelegate.swift */ = {isa = PBXFileReference; lastKnownFileType = sourcecode.swift; path = AppDelegate.swift; sourceTree = "<group>"; };
		9840945225B5A62900C6C0A1 /* SceneDelegate.swift */ = {isa = PBXFileReference; lastKnownFileType = sourcecode.swift; path = SceneDelegate.swift; sourceTree = "<group>"; };
		9840945425B5A62900C6C0A1 /* ViewController.swift */ = {isa = PBXFileReference; lastKnownFileType = sourcecode.swift; path = ViewController.swift; sourceTree = "<group>"; };
		9840945725B5A62900C6C0A1 /* Base */ = {isa = PBXFileReference; lastKnownFileType = file.storyboard; name = Base; path = Base.lproj/Main.storyboard; sourceTree = "<group>"; };
		9840945A25B5A62900C6C0A1 /* TriviaApp.xcdatamodel */ = {isa = PBXFileReference; lastKnownFileType = wrapper.xcdatamodel; path = TriviaApp.xcdatamodel; sourceTree = "<group>"; };
		9840945C25B5A63200C6C0A1 /* Assets.xcassets */ = {isa = PBXFileReference; lastKnownFileType = folder.assetcatalog; path = Assets.xcassets; sourceTree = "<group>"; };
		9840945F25B5A63200C6C0A1 /* Base */ = {isa = PBXFileReference; lastKnownFileType = file.storyboard; name = Base; path = Base.lproj/LaunchScreen.storyboard; sourceTree = "<group>"; };
		9840946125B5A63200C6C0A1 /* Info.plist */ = {isa = PBXFileReference; lastKnownFileType = text.plist.xml; path = Info.plist; sourceTree = "<group>"; };
		9840946625B5A63300C6C0A1 /* TriviaAppTests.xctest */ = {isa = PBXFileReference; explicitFileType = wrapper.cfbundle; includeInIndex = 0; path = TriviaAppTests.xctest; sourceTree = BUILT_PRODUCTS_DIR; };
		9840946A25B5A63300C6C0A1 /* TriviaAppTests.swift */ = {isa = PBXFileReference; lastKnownFileType = sourcecode.swift; path = TriviaAppTests.swift; sourceTree = "<group>"; };
		9840946C25B5A63300C6C0A1 /* Info.plist */ = {isa = PBXFileReference; lastKnownFileType = text.plist.xml; path = Info.plist; sourceTree = "<group>"; };
		9840947125B5A63300C6C0A1 /* TriviaAppUITests.xctest */ = {isa = PBXFileReference; explicitFileType = wrapper.cfbundle; includeInIndex = 0; path = TriviaAppUITests.xctest; sourceTree = BUILT_PRODUCTS_DIR; };
		9840947525B5A63300C6C0A1 /* TriviaAppUITests.swift */ = {isa = PBXFileReference; lastKnownFileType = sourcecode.swift; path = TriviaAppUITests.swift; sourceTree = "<group>"; };
		9840947725B5A63300C6C0A1 /* Info.plist */ = {isa = PBXFileReference; lastKnownFileType = text.plist.xml; path = Info.plist; sourceTree = "<group>"; };
/* End PBXFileReference section */

/* Begin PBXFrameworksBuildPhase section */
		9840944A25B5A62900C6C0A1 /* Frameworks */ = {
			isa = PBXFrameworksBuildPhase;
			buildActionMask = 2147483647;
			files = (
			);
			runOnlyForDeploymentPostprocessing = 0;
		};
		9840946325B5A63300C6C0A1 /* Frameworks */ = {
			isa = PBXFrameworksBuildPhase;
			buildActionMask = 2147483647;
			files = (
			);
			runOnlyForDeploymentPostprocessing = 0;
		};
		9840946E25B5A63300C6C0A1 /* Frameworks */ = {
			isa = PBXFrameworksBuildPhase;
			buildActionMask = 2147483647;
			files = (
			);
			runOnlyForDeploymentPostprocessing = 0;
		};
/* End PBXFrameworksBuildPhase section */

/* Begin PBXGroup section */
		9840944425B5A62900C6C0A1 = {
			isa = PBXGroup;
			children = (
				9840944F25B5A62900C6C0A1 /* TriviaApp */,
				9840946925B5A63300C6C0A1 /* TriviaAppTests */,
				9840947425B5A63300C6C0A1 /* TriviaAppUITests */,
				9840944E25B5A62900C6C0A1 /* Products */,
			);
			sourceTree = "<group>";
		};
		9840944E25B5A62900C6C0A1 /* Products */ = {
			isa = PBXGroup;
			children = (
				9840944D25B5A62900C6C0A1 /* TriviaApp.app */,
				9840946625B5A63300C6C0A1 /* TriviaAppTests.xctest */,
				9840947125B5A63300C6C0A1 /* TriviaAppUITests.xctest */,
			);
			name = Products;
			sourceTree = "<group>";
		};
		9840944F25B5A62900C6C0A1 /* TriviaApp */ = {
			isa = PBXGroup;
			children = (
				9840945025B5A62900C6C0A1 /* AppDelegate.swift */,
				9840945225B5A62900C6C0A1 /* SceneDelegate.swift */,
				9840945425B5A62900C6C0A1 /* ViewController.swift */,
				9840945625B5A62900C6C0A1 /* Main.storyboard */,
				9840945C25B5A63200C6C0A1 /* Assets.xcassets */,
				9840945E25B5A63200C6C0A1 /* LaunchScreen.storyboard */,
				9840946125B5A63200C6C0A1 /* Info.plist */,
				9840945925B5A62900C6C0A1 /* TriviaApp.xcdatamodeld */,
			);
			path = TriviaApp;
			sourceTree = "<group>";
		};
		9840946925B5A63300C6C0A1 /* TriviaAppTests */ = {
			isa = PBXGroup;
			children = (
				9840946A25B5A63300C6C0A1 /* TriviaAppTests.swift */,
				9840946C25B5A63300C6C0A1 /* Info.plist */,
			);
			path = TriviaAppTests;
			sourceTree = "<group>";
		};
		9840947425B5A63300C6C0A1 /* TriviaAppUITests */ = {
			isa = PBXGroup;
			children = (
				9840947525B5A63300C6C0A1 /* TriviaAppUITests.swift */,
				9840947725B5A63300C6C0A1 /* Info.plist */,
			);
			path = TriviaAppUITests;
			sourceTree = "<group>";
		};
/* End PBXGroup section */

/* Begin PBXNativeTarget section */
		9840944C25B5A62900C6C0A1 /* TriviaApp */ = {
			isa = PBXNativeTarget;
			buildConfigurationList = 9840947A25B5A63300C6C0A1 /* Build configuration list for PBXNativeTarget "TriviaApp" */;
			buildPhases = (
				9840944925B5A62900C6C0A1 /* Sources */,
				9840944A25B5A62900C6C0A1 /* Frameworks */,
				9840944B25B5A62900C6C0A1 /* Resources */,
			);
			buildRules = (
			);
			dependencies = (
			);
			name = TriviaApp;
			productName = TriviaApp;
			productReference = 9840944D25B5A62900C6C0A1 /* TriviaApp.app */;
			productType = "com.apple.product-type.application";
		};
		9840946525B5A63300C6C0A1 /* TriviaAppTests */ = {
			isa = PBXNativeTarget;
			buildConfigurationList = 9840947D25B5A63300C6C0A1 /* Build configuration list for PBXNativeTarget "TriviaAppTests" */;
			buildPhases = (
				9840946225B5A63300C6C0A1 /* Sources */,
				9840946325B5A63300C6C0A1 /* Frameworks */,
				9840946425B5A63300C6C0A1 /* Resources */,
			);
			buildRules = (
			);
			dependencies = (
				9840946825B5A63300C6C0A1 /* PBXTargetDependency */,
			);
			name = TriviaAppTests;
			productName = TriviaAppTests;
			productReference = 9840946625B5A63300C6C0A1 /* TriviaAppTests.xctest */;
			productType = "com.apple.product-type.bundle.unit-test";
		};
		9840947025B5A63300C6C0A1 /* TriviaAppUITests */ = {
			isa = PBXNativeTarget;
			buildConfigurationList = 9840948025B5A63300C6C0A1 /* Build configuration list for PBXNativeTarget "TriviaAppUITests" */;
			buildPhases = (
				9840946D25B5A63300C6C0A1 /* Sources */,
				9840946E25B5A63300C6C0A1 /* Frameworks */,
				9840946F25B5A63300C6C0A1 /* Resources */,
			);
			buildRules = (
			);
			dependencies = (
				9840947325B5A63300C6C0A1 /* PBXTargetDependency */,
			);
			name = TriviaAppUITests;
			productName = TriviaAppUITests;
			productReference = 9840947125B5A63300C6C0A1 /* TriviaAppUITests.xctest */;
			productType = "com.apple.product-type.bundle.ui-testing";
		};
/* End PBXNativeTarget section */

/* Begin PBXProject section */
		9840944525B5A62900C6C0A1 /* Project object */ = {
			isa = PBXProject;
			attributes = {
				LastSwiftUpdateCheck = 1210;
				LastUpgradeCheck = 1210;
				TargetAttributes = {
					9840944C25B5A62900C6C0A1 = {
						CreatedOnToolsVersion = 12.1;
					};
					9840946525B5A63300C6C0A1 = {
						CreatedOnToolsVersion = 12.1;
						TestTargetID = 9840944C25B5A62900C6C0A1;
					};
					9840947025B5A63300C6C0A1 = {
						CreatedOnToolsVersion = 12.1;
						TestTargetID = 9840944C25B5A62900C6C0A1;
					};
				};
			};
			buildConfigurationList = 9840944825B5A62900C6C0A1 /* Build configuration list for PBXProject "TriviaApp" */;
			compatibilityVersion = "Xcode 9.3";
			developmentRegion = en;
			hasScannedForEncodings = 0;
			knownRegions = (
				en,
				Base,
			);
			mainGroup = 9840944425B5A62900C6C0A1;
			productRefGroup = 9840944E25B5A62900C6C0A1 /* Products */;
			projectDirPath = "";
			projectRoot = "";
			targets = (
				9840944C25B5A62900C6C0A1 /* TriviaApp */,
				9840946525B5A63300C6C0A1 /* TriviaAppTests */,
				9840947025B5A63300C6C0A1 /* TriviaAppUITests */,
			);
		};
/* End PBXProject section */

/* Begin PBXResourcesBuildPhase section */
		9840944B25B5A62900C6C0A1 /* Resources */ = {
			isa = PBXResourcesBuildPhase;
			buildActionMask = 2147483647;
			files = (
				9840946025B5A63200C6C0A1 /* LaunchScreen.storyboard in Resources */,
				9840945D25B5A63200C6C0A1 /* Assets.xcassets in Resources */,
				9840945825B5A62900C6C0A1 /* Main.storyboard in Resources */,
			);
			runOnlyForDeploymentPostprocessing = 0;
		};
		9840946425B5A63300C6C0A1 /* Resources */ = {
			isa = PBXResourcesBuildPhase;
			buildActionMask = 2147483647;
			files = (
			);
			runOnlyForDeploymentPostprocessing = 0;
		};
		9840946F25B5A63300C6C0A1 /* Resources */ = {
			isa = PBXResourcesBuildPhase;
			buildActionMask = 2147483647;
			files = (
			);
			runOnlyForDeploymentPostprocessing = 0;
		};
/* End PBXResourcesBuildPhase section */

/* Begin PBXSourcesBuildPhase section */
		9840944925B5A62900C6C0A1 /* Sources */ = {
			isa = PBXSourcesBuildPhase;
			buildActionMask = 2147483647;
			files = (
				9840945525B5A62900C6C0A1 /* ViewController.swift in Sources */,
				9840945125B5A62900C6C0A1 /* AppDelegate.swift in Sources */,
				9840945B25B5A62900C6C0A1 /* TriviaApp.xcdatamodeld in Sources */,
				9840945325B5A62900C6C0A1 /* SceneDelegate.swift in Sources */,
			);
			runOnlyForDeploymentPostprocessing = 0;
		};
		9840946225B5A63300C6C0A1 /* Sources */ = {
			isa = PBXSourcesBuildPhase;
			buildActionMask = 2147483647;
			files = (
				9840946B25B5A63300C6C0A1 /* TriviaAppTests.swift in Sources */,
			);
			runOnlyForDeploymentPostprocessing = 0;
		};
		9840946D25B5A63300C6C0A1 /* Sources */ = {
			isa = PBXSourcesBuildPhase;
			buildActionMask = 2147483647;
			files = (
				9840947625B5A63300C6C0A1 /* TriviaAppUITests.swift in Sources */,
			);
			runOnlyForDeploymentPostprocessing = 0;
		};
/* End PBXSourcesBuildPhase section */

/* Begin PBXTargetDependency section */
		9840946825B5A63300C6C0A1 /* PBXTargetDependency */ = {
			isa = PBXTargetDependency;
			target = 9840944C25B5A62900C6C0A1 /* TriviaApp */;
			targetProxy = 9840946725B5A63300C6C0A1 /* PBXContainerItemProxy */;
		};
		9840947325B5A63300C6C0A1 /* PBXTargetDependency */ = {
			isa = PBXTargetDependency;
			target = 9840944C25B5A62900C6C0A1 /* TriviaApp */;
			targetProxy = 9840947225B5A63300C6C0A1 /* PBXContainerItemProxy */;
		};
/* End PBXTargetDependency section */

/* Begin PBXVariantGroup section */
		9840945625B5A62900C6C0A1 /* Main.storyboard */ = {
			isa = PBXVariantGroup;
			children = (
				9840945725B5A62900C6C0A1 /* Base */,
			);
			name = Main.storyboard;
			sourceTree = "<group>";
		};
		9840945E25B5A63200C6C0A1 /* LaunchScreen.storyboard */ = {
			isa = PBXVariantGroup;
			children = (
				9840945F25B5A63200C6C0A1 /* Base */,
			);
			name = LaunchScreen.storyboard;
			sourceTree = "<group>";
		};
/* End PBXVariantGroup section */

/* Begin XCBuildConfiguration section */
		9840947825B5A63300C6C0A1 /* Debug */ = {
			isa = XCBuildConfiguration;
			buildSettings = {
				ALWAYS_SEARCH_USER_PATHS = NO;
				CLANG_ANALYZER_NONNULL = YES;
				CLANG_ANALYZER_NUMBER_OBJECT_CONVERSION = YES_AGGRESSIVE;
				CLANG_CXX_LANGUAGE_STANDARD = "gnu++14";
				CLANG_CXX_LIBRARY = "libc++";
				CLANG_ENABLE_MODULES = YES;
				CLANG_ENABLE_OBJC_ARC = YES;
				CLANG_ENABLE_OBJC_WEAK = YES;
				CLANG_WARN_BLOCK_CAPTURE_AUTORELEASING = YES;
				CLANG_WARN_BOOL_CONVERSION = YES;
				CLANG_WARN_COMMA = YES;
				CLANG_WARN_CONSTANT_CONVERSION = YES;
				CLANG_WARN_DEPRECATED_OBJC_IMPLEMENTATIONS = YES;
				CLANG_WARN_DIRECT_OBJC_ISA_USAGE = YES_ERROR;
				CLANG_WARN_DOCUMENTATION_COMMENTS = YES;
				CLANG_WARN_EMPTY_BODY = YES;
				CLANG_WARN_ENUM_CONVERSION = YES;
				CLANG_WARN_INFINITE_RECURSION = YES;
				CLANG_WARN_INT_CONVERSION = YES;
				CLANG_WARN_NON_LITERAL_NULL_CONVERSION = YES;
				CLANG_WARN_OBJC_IMPLICIT_RETAIN_SELF = YES;
				CLANG_WARN_OBJC_LITERAL_CONVERSION = YES;
				CLANG_WARN_OBJC_ROOT_CLASS = YES_ERROR;
				CLANG_WARN_QUOTED_INCLUDE_IN_FRAMEWORK_HEADER = YES;
				CLANG_WARN_RANGE_LOOP_ANALYSIS = YES;
				CLANG_WARN_STRICT_PROTOTYPES = YES;
				CLANG_WARN_SUSPICIOUS_MOVE = YES;
				CLANG_WARN_UNGUARDED_AVAILABILITY = YES_AGGRESSIVE;
				CLANG_WARN_UNREACHABLE_CODE = YES;
				CLANG_WARN__DUPLICATE_METHOD_MATCH = YES;
				COPY_PHASE_STRIP = NO;
				DEBUG_INFORMATION_FORMAT = dwarf;
				ENABLE_STRICT_OBJC_MSGSEND = YES;
				ENABLE_TESTABILITY = YES;
				GCC_C_LANGUAGE_STANDARD = gnu11;
				GCC_DYNAMIC_NO_PIC = NO;
				GCC_NO_COMMON_BLOCKS = YES;
				GCC_OPTIMIZATION_LEVEL = 0;
				GCC_PREPROCESSOR_DEFINITIONS = (
					"DEBUG=1",
					"$(inherited)",
				);
				GCC_WARN_64_TO_32_BIT_CONVERSION = YES;
				GCC_WARN_ABOUT_RETURN_TYPE = YES_ERROR;
				GCC_WARN_UNDECLARED_SELECTOR = YES;
				GCC_WARN_UNINITIALIZED_AUTOS = YES_AGGRESSIVE;
				GCC_WARN_UNUSED_FUNCTION = YES;
				GCC_WARN_UNUSED_VARIABLE = YES;
				IPHONEOS_DEPLOYMENT_TARGET = 14.1;
				MTL_ENABLE_DEBUG_INFO = INCLUDE_SOURCE;
				MTL_FAST_MATH = YES;
				ONLY_ACTIVE_ARCH = YES;
				SDKROOT = iphoneos;
				SWIFT_ACTIVE_COMPILATION_CONDITIONS = DEBUG;
				SWIFT_OPTIMIZATION_LEVEL = "-Onone";
			};
			name = Debug;
		};
		9840947925B5A63300C6C0A1 /* Release */ = {
			isa = XCBuildConfiguration;
			buildSettings = {
				ALWAYS_SEARCH_USER_PATHS = NO;
				CLANG_ANALYZER_NONNULL = YES;
				CLANG_ANALYZER_NUMBER_OBJECT_CONVERSION = YES_AGGRESSIVE;
				CLANG_CXX_LANGUAGE_STANDARD = "gnu++14";
				CLANG_CXX_LIBRARY = "libc++";
				CLANG_ENABLE_MODULES = YES;
				CLANG_ENABLE_OBJC_ARC = YES;
				CLANG_ENABLE_OBJC_WEAK = YES;
				CLANG_WARN_BLOCK_CAPTURE_AUTORELEASING = YES;
				CLANG_WARN_BOOL_CONVERSION = YES;
				CLANG_WARN_COMMA = YES;
				CLANG_WARN_CONSTANT_CONVERSION = YES;
				CLANG_WARN_DEPRECATED_OBJC_IMPLEMENTATIONS = YES;
				CLANG_WARN_DIRECT_OBJC_ISA_USAGE = YES_ERROR;
				CLANG_WARN_DOCUMENTATION_COMMENTS = YES;
				CLANG_WARN_EMPTY_BODY = YES;
				CLANG_WARN_ENUM_CONVERSION = YES;
				CLANG_WARN_INFINITE_RECURSION = YES;
				CLANG_WARN_INT_CONVERSION = YES;
				CLANG_WARN_NON_LITERAL_NULL_CONVERSION = YES;
				CLANG_WARN_OBJC_IMPLICIT_RETAIN_SELF = YES;
				CLANG_WARN_OBJC_LITERAL_CONVERSION = YES;
				CLANG_WARN_OBJC_ROOT_CLASS = YES_ERROR;
				CLANG_WARN_QUOTED_INCLUDE_IN_FRAMEWORK_HEADER = YES;
				CLANG_WARN_RANGE_LOOP_ANALYSIS = YES;
				CLANG_WARN_STRICT_PROTOTYPES = YES;
				CLANG_WARN_SUSPICIOUS_MOVE = YES;
				CLANG_WARN_UNGUARDED_AVAILABILITY = YES_AGGRESSIVE;
				CLANG_WARN_UNREACHABLE_CODE = YES;
				CLANG_WARN__DUPLICATE_METHOD_MATCH = YES;
				COPY_PHASE_STRIP = NO;
				DEBUG_INFORMATION_FORMAT = "dwarf-with-dsym";
				ENABLE_NS_ASSERTIONS = NO;
				ENABLE_STRICT_OBJC_MSGSEND = YES;
				GCC_C_LANGUAGE_STANDARD = gnu11;
				GCC_NO_COMMON_BLOCKS = YES;
				GCC_WARN_64_TO_32_BIT_CONVERSION = YES;
				GCC_WARN_ABOUT_RETURN_TYPE = YES_ERROR;
				GCC_WARN_UNDECLARED_SELECTOR = YES;
				GCC_WARN_UNINITIALIZED_AUTOS = YES_AGGRESSIVE;
				GCC_WARN_UNUSED_FUNCTION = YES;
				GCC_WARN_UNUSED_VARIABLE = YES;
				IPHONEOS_DEPLOYMENT_TARGET = 14.1;
				MTL_ENABLE_DEBUG_INFO = NO;
				MTL_FAST_MATH = YES;
				SDKROOT = iphoneos;
				SWIFT_COMPILATION_MODE = wholemodule;
				SWIFT_OPTIMIZATION_LEVEL = "-O";
				VALIDATE_PRODUCT = YES;
			};
			name = Release;
		};
		9840947B25B5A63300C6C0A1 /* Debug */ = {
			isa = XCBuildConfiguration;
			buildSettings = {
				ASSETCATALOG_COMPILER_APPICON_NAME = AppIcon;
				ASSETCATALOG_COMPILER_GLOBAL_ACCENT_COLOR_NAME = AccentColor;
				CODE_SIGN_STYLE = Automatic;
				INFOPLIST_FILE = TriviaApp/Info.plist;
				LD_RUNPATH_SEARCH_PATHS = (
					"$(inherited)",
					"@executable_path/Frameworks",
				);
				PRODUCT_BUNDLE_IDENTIFIER = df.TriviaApp;
				PRODUCT_NAME = "$(TARGET_NAME)";
				SWIFT_VERSION = 5.0;
				TARGETED_DEVICE_FAMILY = "1,2";
			};
			name = Debug;
		};
		9840947C25B5A63300C6C0A1 /* Release */ = {
			isa = XCBuildConfiguration;
			buildSettings = {
				ASSETCATALOG_COMPILER_APPICON_NAME = AppIcon;
				ASSETCATALOG_COMPILER_GLOBAL_ACCENT_COLOR_NAME = AccentColor;
				CODE_SIGN_STYLE = Automatic;
				INFOPLIST_FILE = TriviaApp/Info.plist;
				LD_RUNPATH_SEARCH_PATHS = (
					"$(inherited)",
					"@executable_path/Frameworks",
				);
				PRODUCT_BUNDLE_IDENTIFIER = df.TriviaApp;
				PRODUCT_NAME = "$(TARGET_NAME)";
				SWIFT_VERSION = 5.0;
				TARGETED_DEVICE_FAMILY = "1,2";
			};
			name = Release;
		};
		9840947E25B5A63300C6C0A1 /* Debug */ = {
			isa = XCBuildConfiguration;
			buildSettings = {
				ALWAYS_EMBED_SWIFT_STANDARD_LIBRARIES = YES;
				BUNDLE_LOADER = "$(TEST_HOST)";
				CODE_SIGN_STYLE = Automatic;
				INFOPLIST_FILE = TriviaAppTests/Info.plist;
				IPHONEOS_DEPLOYMENT_TARGET = 14.1;
				LD_RUNPATH_SEARCH_PATHS = (
					"$(inherited)",
					"@executable_path/Frameworks",
					"@loader_path/Frameworks",
				);
				PRODUCT_BUNDLE_IDENTIFIER = df.TriviaAppTests;
				PRODUCT_NAME = "$(TARGET_NAME)";
				SWIFT_VERSION = 5.0;
				TARGETED_DEVICE_FAMILY = "1,2";
				TEST_HOST = "$(BUILT_PRODUCTS_DIR)/TriviaApp.app/TriviaApp";
			};
			name = Debug;
		};
		9840947F25B5A63300C6C0A1 /* Release */ = {
			isa = XCBuildConfiguration;
			buildSettings = {
				ALWAYS_EMBED_SWIFT_STANDARD_LIBRARIES = YES;
				BUNDLE_LOADER = "$(TEST_HOST)";
				CODE_SIGN_STYLE = Automatic;
				INFOPLIST_FILE = TriviaAppTests/Info.plist;
				IPHONEOS_DEPLOYMENT_TARGET = 14.1;
				LD_RUNPATH_SEARCH_PATHS = (
					"$(inherited)",
					"@executable_path/Frameworks",
					"@loader_path/Frameworks",
				);
				PRODUCT_BUNDLE_IDENTIFIER = df.TriviaAppTests;
				PRODUCT_NAME = "$(TARGET_NAME)";
				SWIFT_VERSION = 5.0;
				TARGETED_DEVICE_FAMILY = "1,2";
				TEST_HOST = "$(BUILT_PRODUCTS_DIR)/TriviaApp.app/TriviaApp";
			};
			name = Release;
		};
		9840948125B5A63300C6C0A1 /* Debug */ = {
			isa = XCBuildConfiguration;
			buildSettings = {
				ALWAYS_EMBED_SWIFT_STANDARD_LIBRARIES = YES;
				CODE_SIGN_STYLE = Automatic;
				INFOPLIST_FILE = TriviaAppUITests/Info.plist;
				LD_RUNPATH_SEARCH_PATHS = (
					"$(inherited)",
					"@executable_path/Frameworks",
					"@loader_path/Frameworks",
				);
				PRODUCT_BUNDLE_IDENTIFIER = df.TriviaAppUITests;
				PRODUCT_NAME = "$(TARGET_NAME)";
				SWIFT_VERSION = 5.0;
				TARGETED_DEVICE_FAMILY = "1,2";
				TEST_TARGET_NAME = TriviaApp;
			};
			name = Debug;
		};
		9840948225B5A63300C6C0A1 /* Release */ = {
			isa = XCBuildConfiguration;
			buildSettings = {
				ALWAYS_EMBED_SWIFT_STANDARD_LIBRARIES = YES;
				CODE_SIGN_STYLE = Automatic;
				INFOPLIST_FILE = TriviaAppUITests/Info.plist;
				LD_RUNPATH_SEARCH_PATHS = (
					"$(inherited)",
					"@executable_path/Frameworks",
					"@loader_path/Frameworks",
				);
				PRODUCT_BUNDLE_IDENTIFIER = df.TriviaAppUITests;
				PRODUCT_NAME = "$(TARGET_NAME)";
				SWIFT_VERSION = 5.0;
				TARGETED_DEVICE_FAMILY = "1,2";
				TEST_TARGET_NAME = TriviaApp;
			};
			name = Release;
		};
/* End XCBuildConfiguration section */

/* Begin XCConfigurationList section */
		9840944825B5A62900C6C0A1 /* Build configuration list for PBXProject "TriviaApp" */ = {
			isa = XCConfigurationList;
			buildConfigurations = (
				9840947825B5A63300C6C0A1 /* Debug */,
				9840947925B5A63300C6C0A1 /* Release */,
			);
			defaultConfigurationIsVisible = 0;
			defaultConfigurationName = Release;
		};
		9840947A25B5A63300C6C0A1 /* Build configuration list for PBXNativeTarget "TriviaApp" */ = {
			isa = XCConfigurationList;
			buildConfigurations = (
				9840947B25B5A63300C6C0A1 /* Debug */,
				9840947C25B5A63300C6C0A1 /* Release */,
			);
			defaultConfigurationIsVisible = 0;
			defaultConfigurationName = Release;
		};
		9840947D25B5A63300C6C0A1 /* Build configuration list for PBXNativeTarget "TriviaAppTests" */ = {
			isa = XCConfigurationList;
			buildConfigurations = (
				9840947E25B5A63300C6C0A1 /* Debug */,
				9840947F25B5A63300C6C0A1 /* Release */,
			);
			defaultConfigurationIsVisible = 0;
			defaultConfigurationName = Release;
		};
		9840948025B5A63300C6C0A1 /* Build configuration list for PBXNativeTarget "TriviaAppUITests" */ = {
			isa = XCConfigurationList;
			buildConfigurations = (
				9840948125B5A63300C6C0A1 /* Debug */,
				9840948225B5A63300C6C0A1 /* Release */,
			);
			defaultConfigurationIsVisible = 0;
			defaultConfigurationName = Release;
		};
/* End XCConfigurationList section */

/* Begin XCVersionGroup section */
		9840945925B5A62900C6C0A1 /* TriviaApp.xcdatamodeld */ = {
			isa = XCVersionGroup;
			children = (
				9840945A25B5A62900C6C0A1 /* TriviaApp.xcdatamodel */,
			);
			currentVersion = 9840945A25B5A62900C6C0A1 /* TriviaApp.xcdatamodel */;
			path = TriviaApp.xcdatamodeld;
			sourceTree = "<group>";
			versionGroupType = wrapper.xcdatamodel;
		};
/* End XCVersionGroup section */
	};
	rootObject = 9840944525B5A62900C6C0A1 /* Project object */;
}
